
Microsoft Visual Studio Solution File, Format Version 11.00
# Visual Studio 2010
Project("{FAE04EC0-301F-11D3-BF4B-00C04F79EFBC}") = "WebApi.EuricomCruise.Samples.Server", "WebApi.EuricomCruise.Samples.Server\WebApi.EuricomCruise.Samples.Server.csproj", "{26DBABC3-E0FF-4763-A2C7-182E6E2218D8}"
EndProject
Global
	GlobalSection(SolutionConfigurationPlatforms) = preSolution
		Debug|x86 = Debug|x86
		Release|x86 = Release|x86
	EndGlobalSection
	GlobalSection(ProjectConfigurationPlatforms) = postSolution
		{26DBABC3-E0FF-4763-A2C7-182E6E2218D8}.Debug|x86.ActiveCfg = Debug|x86
		{26DBABC3-E0FF-4763-A2C7-182E6E2218D8}.Debug|x86.Build.0 = Debug|x86
		{26DBABC3-E0FF-4763-A2C7-182E6E2218D8}.Release|x86.ActiveCfg = Release|x86
		{26DBABC3-E0FF-4763-A2C7-182E6E2218D8}.Release|x86.Build.0 = Release|x86
	EndGlobalSection
	GlobalSection(SolutionProperties) = preSolution
		HideSolutionNode = FALSE
	EndGlobalSection
EndGlobal
