
Microsoft Visual Studio Solution File, Format Version 11.00
# Visual Studio 2010
Project("{FAE04EC0-301F-11D3-BF4B-00C04F79EFBC}") = "Samples.1.Server", "Samples.1.Server\Samples.1.Server.csproj", "{B9F5B1AB-BBF7-47B7-8E16-D5AECB77BD70}"
EndProject
Project("{2150E333-8FDC-42A3-9474-1A3956D46DE8}") = "Samples.1.SimpleCrud", "Samples.1.SimpleCrud", "{A7CE7685-7C05-4292-8BB1-08F9682CCD08}"
EndProject
Project("{2150E333-8FDC-42A3-9474-1A3956D46DE8}") = "Samples.2.DependencyInjection", "Samples.2.DependencyInjection", "{6136A71C-1ED8-4BF3-961D-179FDF28629F}"
EndProject
Project("{FAE04EC0-301F-11D3-BF4B-00C04F79EFBC}") = "Samples.Client.Playground", "Samples.Client.PlayGround\Samples.Client.Playground.csproj", "{73EC68AD-8E89-4EA3-B50A-3F5283B66148}"
EndProject
Project("{FAE04EC0-301F-11D3-BF4B-00C04F79EFBC}") = "Samples.2.Server", "Samples.2.Server\Samples.2.Server.csproj", "{4E212977-3605-412F-BE99-B3BA646F5EAF}"
EndProject
Project("{2150E333-8FDC-42A3-9474-1A3956D46DE8}") = "Samples.3.ExceptionHandling", "Samples.3.ExceptionHandling", "{2408B219-71C1-4F1D-A71D-9CEBB917B124}"
EndProject
Project("{FAE04EC0-301F-11D3-BF4B-00C04F79EFBC}") = "Samples.3.Server", "Samples.3.Server\Samples.3.Server.csproj", "{E5E924BA-CC29-458A-BFE0-346596B6DD23}"
EndProject
Project("{FAE04EC0-301F-11D3-BF4B-00C04F79EFBC}") = "Samples.Common", "Samples.Common\Samples.Common.csproj", "{11FB3DE9-A99D-4D08-9F6D-2042EB62E488}"
EndProject
Project("{2150E333-8FDC-42A3-9474-1A3956D46DE8}") = "Samples.4.ContentNegotiation", "Samples.4.ContentNegotiation", "{29DA2D58-0E70-43B5-91F2-31A71EB0E75B}"
EndProject
Project("{FAE04EC0-301F-11D3-BF4B-00C04F79EFBC}") = "Samples.4.Server", "Samples.4.Server\Samples.4.Server.csproj", "{58C4EA1C-FF3B-492E-9E2F-556370CC1780}"
EndProject
Project("{2150E333-8FDC-42A3-9474-1A3956D46DE8}") = "Samples.5.HttpMessageHandlersAndTests", "Samples.5.HttpMessageHandlersAndTests", "{D58DBFA6-09E8-4F59-8AE1-D2E87F0CE245}"
EndProject
Project("{FAE04EC0-301F-11D3-BF4B-00C04F79EFBC}") = "Samples.5.Server", "Samples.5.Server\Samples.5.Server.csproj", "{F26318AB-DA74-46E7-8769-738154327A22}"
EndProject
Project("{FAE04EC0-301F-11D3-BF4B-00C04F79EFBC}") = "Samples.5.Tests", "Samples.5.Tests\Samples.5.Tests.csproj", "{228F4F34-CFD3-4BD7-BC6F-262D199D8032}"
EndProject
Project("{2150E333-8FDC-42A3-9474-1A3956D46DE8}") = "Solution Items", "Solution Items", "{C61F44A8-4EDC-4A1C-845E-0551C45186A9}"
	ProjectSection(SolutionItems) = preProject
		Local.testsettings = Local.testsettings
		TraceAndTestImpact.testsettings = TraceAndTestImpact.testsettings
		WebApi.Samples.vsmdi = WebApi.Samples.vsmdi
	EndProjectSection
EndProject
Project("{2150E333-8FDC-42A3-9474-1A3956D46DE8}") = "Samples.6.Security", "Samples.6.Security", "{95E3E814-9639-4C97-AEDF-6D6763ED23CB}"
EndProject
Project("{FAE04EC0-301F-11D3-BF4B-00C04F79EFBC}") = "Samples.6.Server", "Samples.6.Server\Samples.6.Server.csproj", "{CB9D5ED7-C373-491E-A527-577988EC1D8F}"
EndProject
Global
	GlobalSection(TestCaseManagementSettings) = postSolution
		CategoryFile = WebApi.Samples.vsmdi
	EndGlobalSection
	GlobalSection(SolutionConfigurationPlatforms) = preSolution
		Debug|Any CPU = Debug|Any CPU
		Debug|Mixed Platforms = Debug|Mixed Platforms
		Debug|x86 = Debug|x86
		Release|Any CPU = Release|Any CPU
		Release|Mixed Platforms = Release|Mixed Platforms
		Release|x86 = Release|x86
	EndGlobalSection
	GlobalSection(ProjectConfigurationPlatforms) = postSolution
		{B9F5B1AB-BBF7-47B7-8E16-D5AECB77BD70}.Debug|Any CPU.ActiveCfg = Debug|x86
		{B9F5B1AB-BBF7-47B7-8E16-D5AECB77BD70}.Debug|Mixed Platforms.ActiveCfg = Debug|x86
		{B9F5B1AB-BBF7-47B7-8E16-D5AECB77BD70}.Debug|Mixed Platforms.Build.0 = Debug|x86
		{B9F5B1AB-BBF7-47B7-8E16-D5AECB77BD70}.Debug|x86.ActiveCfg = Debug|x86
		{B9F5B1AB-BBF7-47B7-8E16-D5AECB77BD70}.Debug|x86.Build.0 = Debug|x86
		{B9F5B1AB-BBF7-47B7-8E16-D5AECB77BD70}.Release|Any CPU.ActiveCfg = Release|x86
		{B9F5B1AB-BBF7-47B7-8E16-D5AECB77BD70}.Release|Mixed Platforms.ActiveCfg = Release|x86
		{B9F5B1AB-BBF7-47B7-8E16-D5AECB77BD70}.Release|Mixed Platforms.Build.0 = Release|x86
		{B9F5B1AB-BBF7-47B7-8E16-D5AECB77BD70}.Release|x86.ActiveCfg = Release|x86
		{B9F5B1AB-BBF7-47B7-8E16-D5AECB77BD70}.Release|x86.Build.0 = Release|x86
		{73EC68AD-8E89-4EA3-B50A-3F5283B66148}.Debug|Any CPU.ActiveCfg = Debug|x86
		{73EC68AD-8E89-4EA3-B50A-3F5283B66148}.Debug|Mixed Platforms.ActiveCfg = Debug|x86
		{73EC68AD-8E89-4EA3-B50A-3F5283B66148}.Debug|Mixed Platforms.Build.0 = Debug|x86
		{73EC68AD-8E89-4EA3-B50A-3F5283B66148}.Debug|x86.ActiveCfg = Debug|x86
		{73EC68AD-8E89-4EA3-B50A-3F5283B66148}.Debug|x86.Build.0 = Debug|x86
		{73EC68AD-8E89-4EA3-B50A-3F5283B66148}.Release|Any CPU.ActiveCfg = Release|x86
		{73EC68AD-8E89-4EA3-B50A-3F5283B66148}.Release|Mixed Platforms.ActiveCfg = Release|x86
		{73EC68AD-8E89-4EA3-B50A-3F5283B66148}.Release|Mixed Platforms.Build.0 = Release|x86
		{73EC68AD-8E89-4EA3-B50A-3F5283B66148}.Release|x86.ActiveCfg = Release|x86
		{73EC68AD-8E89-4EA3-B50A-3F5283B66148}.Release|x86.Build.0 = Release|x86
		{4E212977-3605-412F-BE99-B3BA646F5EAF}.Debug|Any CPU.ActiveCfg = Debug|x86
		{4E212977-3605-412F-BE99-B3BA646F5EAF}.Debug|Mixed Platforms.ActiveCfg = Debug|x86
		{4E212977-3605-412F-BE99-B3BA646F5EAF}.Debug|Mixed Platforms.Build.0 = Debug|x86
		{4E212977-3605-412F-BE99-B3BA646F5EAF}.Debug|x86.ActiveCfg = Debug|x86
		{4E212977-3605-412F-BE99-B3BA646F5EAF}.Debug|x86.Build.0 = Debug|x86
		{4E212977-3605-412F-BE99-B3BA646F5EAF}.Release|Any CPU.ActiveCfg = Release|x86
		{4E212977-3605-412F-BE99-B3BA646F5EAF}.Release|Mixed Platforms.ActiveCfg = Release|x86
		{4E212977-3605-412F-BE99-B3BA646F5EAF}.Release|Mixed Platforms.Build.0 = Release|x86
		{4E212977-3605-412F-BE99-B3BA646F5EAF}.Release|x86.ActiveCfg = Release|x86
		{4E212977-3605-412F-BE99-B3BA646F5EAF}.Release|x86.Build.0 = Release|x86
		{E5E924BA-CC29-458A-BFE0-346596B6DD23}.Debug|Any CPU.ActiveCfg = Debug|x86
		{E5E924BA-CC29-458A-BFE0-346596B6DD23}.Debug|Mixed Platforms.ActiveCfg = Debug|x86
		{E5E924BA-CC29-458A-BFE0-346596B6DD23}.Debug|Mixed Platforms.Build.0 = Debug|x86
		{E5E924BA-CC29-458A-BFE0-346596B6DD23}.Debug|x86.ActiveCfg = Debug|x86
		{E5E924BA-CC29-458A-BFE0-346596B6DD23}.Debug|x86.Build.0 = Debug|x86
		{E5E924BA-CC29-458A-BFE0-346596B6DD23}.Release|Any CPU.ActiveCfg = Release|x86
		{E5E924BA-CC29-458A-BFE0-346596B6DD23}.Release|Mixed Platforms.ActiveCfg = Release|x86
		{E5E924BA-CC29-458A-BFE0-346596B6DD23}.Release|Mixed Platforms.Build.0 = Release|x86
		{E5E924BA-CC29-458A-BFE0-346596B6DD23}.Release|x86.ActiveCfg = Release|x86
		{E5E924BA-CC29-458A-BFE0-346596B6DD23}.Release|x86.Build.0 = Release|x86
		{11FB3DE9-A99D-4D08-9F6D-2042EB62E488}.Debug|Any CPU.ActiveCfg = Debug|Any CPU
		{11FB3DE9-A99D-4D08-9F6D-2042EB62E488}.Debug|Any CPU.Build.0 = Debug|Any CPU
		{11FB3DE9-A99D-4D08-9F6D-2042EB62E488}.Debug|Mixed Platforms.ActiveCfg = Debug|Any CPU
		{11FB3DE9-A99D-4D08-9F6D-2042EB62E488}.Debug|Mixed Platforms.Build.0 = Debug|Any CPU
		{11FB3DE9-A99D-4D08-9F6D-2042EB62E488}.Debug|x86.ActiveCfg = Debug|Any CPU
		{11FB3DE9-A99D-4D08-9F6D-2042EB62E488}.Release|Any CPU.ActiveCfg = Release|Any CPU
		{11FB3DE9-A99D-4D08-9F6D-2042EB62E488}.Release|Any CPU.Build.0 = Release|Any CPU
		{11FB3DE9-A99D-4D08-9F6D-2042EB62E488}.Release|Mixed Platforms.ActiveCfg = Release|Any CPU
		{11FB3DE9-A99D-4D08-9F6D-2042EB62E488}.Release|Mixed Platforms.Build.0 = Release|Any CPU
		{11FB3DE9-A99D-4D08-9F6D-2042EB62E488}.Release|x86.ActiveCfg = Release|Any CPU
		{58C4EA1C-FF3B-492E-9E2F-556370CC1780}.Debug|Any CPU.ActiveCfg = Debug|x86
		{58C4EA1C-FF3B-492E-9E2F-556370CC1780}.Debug|Mixed Platforms.ActiveCfg = Debug|x86
		{58C4EA1C-FF3B-492E-9E2F-556370CC1780}.Debug|Mixed Platforms.Build.0 = Debug|x86
		{58C4EA1C-FF3B-492E-9E2F-556370CC1780}.Debug|x86.ActiveCfg = Debug|x86
		{58C4EA1C-FF3B-492E-9E2F-556370CC1780}.Debug|x86.Build.0 = Debug|x86
		{58C4EA1C-FF3B-492E-9E2F-556370CC1780}.Release|Any CPU.ActiveCfg = Release|x86
		{58C4EA1C-FF3B-492E-9E2F-556370CC1780}.Release|Mixed Platforms.ActiveCfg = Release|x86
		{58C4EA1C-FF3B-492E-9E2F-556370CC1780}.Release|Mixed Platforms.Build.0 = Release|x86
		{58C4EA1C-FF3B-492E-9E2F-556370CC1780}.Release|x86.ActiveCfg = Release|x86
		{58C4EA1C-FF3B-492E-9E2F-556370CC1780}.Release|x86.Build.0 = Release|x86
		{F26318AB-DA74-46E7-8769-738154327A22}.Debug|Any CPU.ActiveCfg = Debug|x86
		{F26318AB-DA74-46E7-8769-738154327A22}.Debug|Mixed Platforms.ActiveCfg = Debug|x86
		{F26318AB-DA74-46E7-8769-738154327A22}.Debug|Mixed Platforms.Build.0 = Debug|x86
		{F26318AB-DA74-46E7-8769-738154327A22}.Debug|x86.ActiveCfg = Debug|x86
		{F26318AB-DA74-46E7-8769-738154327A22}.Debug|x86.Build.0 = Debug|x86
		{F26318AB-DA74-46E7-8769-738154327A22}.Release|Any CPU.ActiveCfg = Release|x86
		{F26318AB-DA74-46E7-8769-738154327A22}.Release|Mixed Platforms.ActiveCfg = Release|x86
		{F26318AB-DA74-46E7-8769-738154327A22}.Release|Mixed Platforms.Build.0 = Release|x86
		{F26318AB-DA74-46E7-8769-738154327A22}.Release|x86.ActiveCfg = Release|x86
		{F26318AB-DA74-46E7-8769-738154327A22}.Release|x86.Build.0 = Release|x86
		{228F4F34-CFD3-4BD7-BC6F-262D199D8032}.Debug|Any CPU.ActiveCfg = Debug|Any CPU
		{228F4F34-CFD3-4BD7-BC6F-262D199D8032}.Debug|Any CPU.Build.0 = Debug|Any CPU
		{228F4F34-CFD3-4BD7-BC6F-262D199D8032}.Debug|Mixed Platforms.ActiveCfg = Debug|Any CPU
		{228F4F34-CFD3-4BD7-BC6F-262D199D8032}.Debug|Mixed Platforms.Build.0 = Debug|Any CPU
		{228F4F34-CFD3-4BD7-BC6F-262D199D8032}.Debug|x86.ActiveCfg = Debug|Any CPU
		{228F4F34-CFD3-4BD7-BC6F-262D199D8032}.Release|Any CPU.ActiveCfg = Release|Any CPU
		{228F4F34-CFD3-4BD7-BC6F-262D199D8032}.Release|Any CPU.Build.0 = Release|Any CPU
		{228F4F34-CFD3-4BD7-BC6F-262D199D8032}.Release|Mixed Platforms.ActiveCfg = Release|Any CPU
		{228F4F34-CFD3-4BD7-BC6F-262D199D8032}.Release|Mixed Platforms.Build.0 = Release|Any CPU
		{228F4F34-CFD3-4BD7-BC6F-262D199D8032}.Release|x86.ActiveCfg = Release|Any CPU
		{CB9D5ED7-C373-491E-A527-577988EC1D8F}.Debug|Any CPU.ActiveCfg = Debug|x86
		{CB9D5ED7-C373-491E-A527-577988EC1D8F}.Debug|Mixed Platforms.ActiveCfg = Debug|x86
		{CB9D5ED7-C373-491E-A527-577988EC1D8F}.Debug|Mixed Platforms.Build.0 = Debug|x86
		{CB9D5ED7-C373-491E-A527-577988EC1D8F}.Debug|x86.ActiveCfg = Debug|x86
		{CB9D5ED7-C373-491E-A527-577988EC1D8F}.Debug|x86.Build.0 = Debug|x86
		{CB9D5ED7-C373-491E-A527-577988EC1D8F}.Release|Any CPU.ActiveCfg = Release|x86
		{CB9D5ED7-C373-491E-A527-577988EC1D8F}.Release|Mixed Platforms.ActiveCfg = Release|x86
		{CB9D5ED7-C373-491E-A527-577988EC1D8F}.Release|Mixed Platforms.Build.0 = Release|x86
		{CB9D5ED7-C373-491E-A527-577988EC1D8F}.Release|x86.ActiveCfg = Release|x86
		{CB9D5ED7-C373-491E-A527-577988EC1D8F}.Release|x86.Build.0 = Release|x86
	EndGlobalSection
	GlobalSection(SolutionProperties) = preSolution
		HideSolutionNode = FALSE
	EndGlobalSection
	GlobalSection(NestedProjects) = preSolution
		{B9F5B1AB-BBF7-47B7-8E16-D5AECB77BD70} = {A7CE7685-7C05-4292-8BB1-08F9682CCD08}
		{4E212977-3605-412F-BE99-B3BA646F5EAF} = {6136A71C-1ED8-4BF3-961D-179FDF28629F}
		{E5E924BA-CC29-458A-BFE0-346596B6DD23} = {2408B219-71C1-4F1D-A71D-9CEBB917B124}
		{58C4EA1C-FF3B-492E-9E2F-556370CC1780} = {29DA2D58-0E70-43B5-91F2-31A71EB0E75B}
		{F26318AB-DA74-46E7-8769-738154327A22} = {D58DBFA6-09E8-4F59-8AE1-D2E87F0CE245}
		{228F4F34-CFD3-4BD7-BC6F-262D199D8032} = {D58DBFA6-09E8-4F59-8AE1-D2E87F0CE245}
		{C61F44A8-4EDC-4A1C-845E-0551C45186A9} = {D58DBFA6-09E8-4F59-8AE1-D2E87F0CE245}
		{CB9D5ED7-C373-491E-A527-577988EC1D8F} = {95E3E814-9639-4C97-AEDF-6D6763ED23CB}
	EndGlobalSection
EndGlobal
